Microsoft Visual Studio Solution File, Format Version 12.00
# Visual Studio Version 17
VisualStudioVersion = 17.5.2.0
MinimumVisualStudioVersion = 10.0.40219.1
Project("{FAE04EC0-301F-11D3-BF4B-00C04F79EFBC}") = "fhir-application-consoleapp", "fhir-application-consoleapp.csproj", "{C14C301D-2DBD-BDA9-B946-D17CB24CEBD7}"
EndProject
Global
	GlobalSection(SolutionConfigurationPlatforms) = preSolution
		Debug|Any CPU = Debug|Any CPU
		Release|Any CPU = Release|Any CPU
	EndGlobalSection
	GlobalSection(ProjectConfigurationPlatforms) = postSolution
		{C14C301D-2DBD-BDA9-B946-D17CB24CEBD7}.Debug|Any CPU.ActiveCfg = Debug|Any CPU
		{C14C301D-2DBD-BDA9-B946-D17CB24CEBD7}.Debug|Any CPU.Build.0 = Debug|Any CPU
		{C14C301D-2DBD-BDA9-B946-D17CB24CEBD7}.Release|Any CPU.ActiveCfg = Release|Any CPU
		{C14C301D-2DBD-BDA9-B946-D17CB24CEBD7}.Release|Any CPU.Build.0 = Release|Any CPU
	EndGlobalSection
	GlobalSection(SolutionProperties) = preSolution
		HideSolutionNode = FALSE
	EndGlobalSection
	GlobalSection(ExtensibilityGlobals) = postSolution
		SolutionGuid = {78A5E98B-999F-47F2-9040-B2BF1E77EB6A}
	EndGlobalSection
EndGlobal
